{
    "_readme": [
        "This file locks the dependencies of your project to a known state",
        "Read more about it at https://getcomposer.org/doc/01-basic-usage.md#installing-dependencies",
        "This file is @generated automatically"
    ],
    "content-hash": "5e7fe9caa5abaa9a9bdacc8b286df855",
    "packages": [
        {
            "name": "adhocore/cli",
            "version": "v1.7.1",
            "source": {
                "type": "git",
                "url": "https://github.com/adhocore/php-cli.git",
                "reference": "3fde60a838912e71c82ed0f48048685dc32dbc77"
            },
            "dist": {
                "type": "zip",
                "url": "https://api.github.com/repos/adhocore/php-cli/zipball/3fde60a838912e71c82ed0f48048685dc32dbc77",
                "reference": "3fde60a838912e71c82ed0f48048685dc32dbc77",
                "shasum": ""
            },
            "require": {
                "php": ">=8.0"
            },
            "require-dev": {
                "phpunit/phpunit": "^9.0"
            },
            "type": "library",
            "autoload": {
                "psr-4": {
                    "Ahc\\Cli\\": "src/"
                }
            },
            "notification-url": "https://packagist.org/downloads/",
            "license": [
                "MIT"
            ],
            "authors": [
                {
                    "name": "Jitendra Adhikari",
                    "email": "jiten.adhikary@gmail.com"
                }
            ],
            "description": "Command line interface library for PHP",
            "keywords": [
                "argument-parser",
                "argv-parser",
                "cli",
                "cli-action",
                "cli-app",
                "cli-color",
                "cli-option",
                "cli-writer",
                "command",
                "console",
                "console-app",
                "php-cli",
                "php8",
                "stream-input",
                "stream-output"
            ],
            "support": {
                "issues": "https://github.com/adhocore/php-cli/issues",
                "source": "https://github.com/adhocore/php-cli/tree/v1.7.1"
            },
            "funding": [
                {
                    "url": "https://paypal.me/ji10",
                    "type": "custom"
                },
                {
                    "url": "https://github.com/adhocore",
                    "type": "github"
                }
            ],
            "time": "2024-03-28T08:30:12+00:00"
        },
        {
            "name": "fpdf/fpdf",
            "version": "1.86.0",
            "source": {
                "type": "git",
                "url": "https://github.com/coreydoughty/Fpdf.git",
                "reference": "d2a0cbd9e4b5557b9c6c29ddc8eb2b36d8761e00"
            },
            "dist": {
                "type": "zip",
                "url": "https://api.github.com/repos/coreydoughty/Fpdf/zipball/d2a0cbd9e4b5557b9c6c29ddc8eb2b36d8761e00",
                "reference": "d2a0cbd9e4b5557b9c6c29ddc8eb2b36d8761e00",
                "shasum": ""
            },
            "require": {
                "php": ">=5.6.0"
            },
            "type": "library",
            "extra": {
                "laravel": {
                    "aliases": {
                        "FPDF": "Fpdf\\Fpdf"
                    }
                }
            },
            "autoload": {
                "psr-4": {
                    "Fpdf\\": "src/Fpdf"
                }
            },
            "notification-url": "https://packagist.org/downloads/",
            "license": [
                "MIT"
            ],
            "authors": [
                {
                    "name": "Corey Doughty",
                    "email": "corey@doughty.ca"
                }
            ],
            "description": "FPDF Composer Wrapper",
            "homepage": "https://github.com/coreydoughty/Fpdf",
            "keywords": [
                "fpdf",
                "pdf",
                "wrapper"
            ],
            "support": {
                "issues": "https://github.com/coreydoughty/Fpdf/issues",
                "source": "https://github.com/coreydoughty/Fpdf/tree/1.86.0"
            },
            "time": "2023-07-04T16:41:45+00:00"
        }
    ],
    "packages-dev": [],
    "aliases": [],
    "minimum-stability": "stable",
    "stability-flags": [],
    "prefer-stable": false,
    "prefer-lowest": false,
    "platform": [],
    "platform-dev": [],
    "plugin-api-version": "2.3.0"
}
